
Microsoft Visual Studio Solution File, Format Version 12.00
# Visual Studio Version 17
VisualStudioVersion = 17.8.34316.72
MinimumVisualStudioVersion = 10.0.40219.1
Project("{9A19103F-16F7-4668-BE54-9A1E7A4F7556}") = "DotNetIdentity-WebAPI", "DotNetIdentity-WebAPI.csproj", "{08258983-4F15-4D50-AE74-FF80BB3AA493}"
EndProject
Global
	GlobalSection(SolutionConfigurationPlatforms) = preSolution
		Debug|Any CPU = Debug|Any CPU
		Release|Any CPU = Release|Any CPU
	EndGlobalSection
	GlobalSection(ProjectConfigurationPlatforms) = postSolution
		{08258983-4F15-4D50-AE74-FF80BB3AA493}.Debug|Any CPU.ActiveCfg = Debug|Any CPU
		{08258983-4F15-4D50-AE74-FF80BB3AA493}.Debug|Any CPU.Build.0 = Debug|Any CPU
		{08258983-4F15-4D50-AE74-FF80BB3AA493}.Release|Any CPU.ActiveCfg = Release|Any CPU
		{08258983-4F15-4D50-AE74-FF80BB3AA493}.Release|Any CPU.Build.0 = Release|Any CPU
	EndGlobalSection
	GlobalSection(SolutionProperties) = preSolution
		HideSolutionNode = FALSE
	EndGlobalSection
	GlobalSection(ExtensibilityGlobals) = postSolution
		SolutionGuid = {16CB41D5-29C9-4FBD-BF33-D538A40037CC}
	EndGlobalSection
EndGlobal
